<?xml version="1.0" encoding="utf-8"?>
<Project ToolsVersion="4.0" xmlns="http://schemas.microsoft.com/developer/msbuild/2003">
  <ItemGroup>
    <Filter Include="Source Files">
      <UniqueIdentifier>{4FC737F1-C7A5-4376-A066-2A32D752A2FF}</UniqueIdentifier>
      <Extensions>cpp;c;cc;cxx;def;odl;idl;hpj;bat;asm;asmx</Extensions>
    </Filter>
    <Filter Include="Header Files">
      <UniqueIdentifier>{93995380-89BD-4b04-88EB-625FBE52EBFB}</UniqueIdentifier>
      <Extensions>h;hh;hpp;hxx;hm;inl;inc;xsd</Extensions>
    </Filter>
    <Filter Include="Resource Files">
      <UniqueIdentifier>{67DA6AB6-F800-4c08-8B7A-83BB121AAD01}</UniqueIdentifier>
      <Extensions>rc;ico;cur;bmp;dlg;rc2;rct;bin;rgs;gif;jpg;jpeg;jpe;resx;tiff;tif;png;wav;mfcribbon-ms</Extensions>
    </Filter>
  </ItemGroup>
  <ItemGroup>
    <ClCompile Include="main.cpp">
      <Filter>Source Files</Filter>
    </ClCompile>
    <ClCompile Include="events.cpp">
      <Filter>Source Files</Filter>
    </ClCompile>
    <ClCompile Include="ressources.cpp">
      <Filter>Source Files</Filter>
    </ClCompile>
    <ClCompile Include="config_sdl.cpp">
      <Filter>Source Files</Filter>
    </ClCompile>
    <ClCompile Include="fonctionsBD.cpp">
      <Filter>Source Files</Filter>
    </ClCompile>
    <ClCompile Include="repertoire.c">
      <Filter>Source Files</Filter>
    </ClCompile>
    <ClCompile Include="sqlite3.c">
      <Filter>Source Files</Filter>
    </ClCompile>
    <ClCompile Include="vecteur.cpp">
      <Filter>Source Files</Filter>
    </ClCompile>
    <ClCompile Include="vue.cpp">
      <Filter>Source Files</Filter>
    </ClCompile>
    <ClCompile Include="SDL2_gfxPrimitives.cpp">
      <Filter>Source Files</Filter>
    </ClCompile>
    <ClCompile Include="SDL2_rotozoom.c">
      <Filter>Source Files</Filter>
    </ClCompile>
    <ClCompile Include="personnage.cpp">
      <Filter>Source Files</Filter>
    </ClCompile>
    <ClCompile Include="ia.cpp">
      <Filter>Source Files</Filter>
    </ClCompile>
    <ClCompile Include="editeur.cpp">
      <Filter>Source Files</Filter>
    </ClCompile>
  </ItemGroup>
  <ItemGroup>
    <ClInclude Include="main.h">
      <Filter>Header Files</Filter>
    </ClInclude>
    <ClInclude Include="events.h">
      <Filter>Header Files</Filter>
    </ClInclude>
    <ClInclude Include="ressources.h">
      <Filter>Header Files</Filter>
    </ClInclude>
    <ClInclude Include="oeuvre.h">
      <Filter>Header Files</Filter>
    </ClInclude>
    <ClInclude Include="musee.h">
      <Filter>Header Files</Filter>
    </ClInclude>
    <ClInclude Include="config_sdl.h">
      <Filter>Header Files</Filter>
    </ClInclude>
    <ClInclude Include="fonctionsBD.h">
      <Filter>Header Files</Filter>
    </ClInclude>
    <ClInclude Include="repertoire.h">
      <Filter>Header Files</Filter>
    </ClInclude>
    <ClInclude Include="sqlite3.h">
      <Filter>Header Files</Filter>
    </ClInclude>
    <ClInclude Include="personnage.h">
      <Filter>Header Files</Filter>
    </ClInclude>
    <ClInclude Include="vecteur.h">
      <Filter>Header Files</Filter>
    </ClInclude>
    <ClInclude Include="vue.h">
      <Filter>Header Files</Filter>
    </ClInclude>
    <ClInclude Include="SDL2_gfxPrimitives.h">
      <Filter>Header Files</Filter>
    </ClInclude>
    <ClInclude Include="SDL2_rotozoom.h">
      <Filter>Header Files</Filter>
    </ClInclude>
    <ClInclude Include="ia.h">
      <Filter>Header Files</Filter>
    </ClInclude>
    <ClInclude Include="editeur.h">
      <Filter>Header Files</Filter>
    </ClInclude>
  </ItemGroup>
  <ItemGroup>
    <None Include="data\bdMusees.sqlite">
      <Filter>Resource Files</Filter>
    </None>
  </ItemGroup>
  <ItemGroup>
    <Image Include="data\jeunefillealaperle_wermer.bmp">
      <Filter>Resource Files</Filter>
    </Image>
    <Image Include="data\joconde_devinci.bmp">
      <Filter>Resource Files</Filter>
    </Image>
    <Image Include="data\lecri_munch.bmp">
      <Filter>Resource Files</Filter>
    </Image>
    <Image Include="data\marylin_warhol.bmp">
      <Filter>Resource Files</Filter>
    </Image>
    <Image Include="data\persistancememoire_dali.bmp">
      <Filter>Resource Files</Filter>
    </Image>
    <Image Include="data\unevoixinconnue_kandinsky.bmp">
      <Filter>Resource Files</Filter>
    </Image>
  </ItemGroup>
  <ItemGroup>
    <Text Include="data\musee1.txt">
      <Filter>Resource Files</Filter>
    </Text>
    <Text Include="data\musee2.txt">
      <Filter>Resource Files</Filter>
    </Text>
  </ItemGroup>
</Project>